
Microsoft Visual Studio Solution File, Format Version 11.00
# Visual Studio 2010
Project("{8BC9CEB8-8B4A-11D0-8D11-00A0C91BC942}") = "libfftw", "libfftw.vcxproj", "{B383DDDB-3D82-49FE-9103-3409A1F9401A}"
EndProject
Project("{8BC9CEB8-8B4A-11D0-8D11-00A0C91BC942}") = "bench", "bench.vcxproj", "{564397C7-E016-430A-B62B-B3C4B3EDB2FC}"
EndProject
Global
	GlobalSection(SolutionConfigurationPlatforms) = preSolution
		Debug|Win32 = Debug|Win32
		Release|Win32 = Release|Win32
		Release-DLL|Win32 = Release-DLL|Win32
	EndGlobalSection
	GlobalSection(ProjectConfigurationPlatforms) = postSolution
		{B383DDDB-3D82-49FE-9103-3409A1F9401A}.Debug|Win32.ActiveCfg = Debug|Win32
		{B383DDDB-3D82-49FE-9103-3409A1F9401A}.Debug|Win32.Build.0 = Debug|Win32
		{B383DDDB-3D82-49FE-9103-3409A1F9401A}.Release|Win32.ActiveCfg = Release|Win32
		{B383DDDB-3D82-49FE-9103-3409A1F9401A}.Release|Win32.Build.0 = Release|Win32
		{B383DDDB-3D82-49FE-9103-3409A1F9401A}.Release-DLL|Win32.ActiveCfg = Release-DLL|Win32
		{B383DDDB-3D82-49FE-9103-3409A1F9401A}.Release-DLL|Win32.Build.0 = Release-DLL|Win32
		{564397C7-E016-430A-B62B-B3C4B3EDB2FC}.Debug|Win32.ActiveCfg = Debug|Win32
		{564397C7-E016-430A-B62B-B3C4B3EDB2FC}.Debug|Win32.Build.0 = Debug|Win32
		{564397C7-E016-430A-B62B-B3C4B3EDB2FC}.Release|Win32.ActiveCfg = Release|Win32
		{564397C7-E016-430A-B62B-B3C4B3EDB2FC}.Release|Win32.Build.0 = Release|Win32
		{564397C7-E016-430A-B62B-B3C4B3EDB2FC}.Release-DLL|Win32.ActiveCfg = Release|Win32
		{564397C7-E016-430A-B62B-B3C4B3EDB2FC}.Release-DLL|Win32.Build.0 = Release|Win32
	EndGlobalSection
	GlobalSection(SolutionProperties) = preSolution
		HideSolutionNode = FALSE
	EndGlobalSection
EndGlobal
